# This file is automatically @generated by Cargo.
# It is not intended for manual editing.
version = 3

[[package]]
name = "neoc"
version = "0.1.0"

[[package]]
name = "neol"
version = "0.1.0"

[[package]]
name = "trinity"
version = "0.1.0"
dependencies = [
 "neoc",
 "neol",
 "trivm",
]

[[package]]
name = "trivm"
version = "0.1.0"
